
Microsoft Visual Studio Solution File, Format Version 12.00
# Visual Studio Version 16
VisualStudioVersion = 16.0.29709.97
MinimumVisualStudioVersion = 10.0.40219.1
Project("{FAE04EC0-301F-11D3-BF4B-00C04F79EFBC}") = "NoteMail_LironMeler", "NoteMail_LironMeler\NoteMail_LironMeler.csproj", "{C38CD471-D3CB-4BD9-A33C-689257DB1C8E}"
EndProject
Global
	GlobalSection(SolutionConfigurationPlatforms) = preSolution
		Debug|Any CPU = Debug|Any CPU
		Release|Any CPU = Release|Any CPU
	EndGlobalSection
	GlobalSection(ProjectConfigurationPlatforms) = postSolution
		{C38CD471-D3CB-4BD9-A33C-689257DB1C8E}.Debug|Any CPU.ActiveCfg = Debug|Any CPU
		{C38CD471-D3CB-4BD9-A33C-689257DB1C8E}.Debug|Any CPU.Build.0 = Debug|Any CPU
		{C38CD471-D3CB-4BD9-A33C-689257DB1C8E}.Release|Any CPU.ActiveCfg = Release|Any CPU
		{C38CD471-D3CB-4BD9-A33C-689257DB1C8E}.Release|Any CPU.Build.0 = Release|Any CPU
	EndGlobalSection
	GlobalSection(SolutionProperties) = preSolution
		HideSolutionNode = FALSE
	EndGlobalSection
	GlobalSection(ExtensibilityGlobals) = postSolution
		SolutionGuid = {8F38D0BE-8CA8-4D02-A5EF-3047844807F7}
	EndGlobalSection
EndGlobal
